{
  "name": "marker",
  "version": "1.0.0",
  "lockfileVersion": 3,
  "requires": true,
  "packages": {
    "": {
      "name": "marker",
      "version": "1.0.0",
      "license": "ISC",
      "dependencies": {
        "chalk": "^5.6.2",
        "commander": "^14.0.1",
        "lowdb": "^7.0.1"
      },
      "devDependencies": {
        "@tsconfig/node24": "^24.0.1",
        "@types/node": "^24.5.2",
        "typescript": "^5.9.2"
      }
    },
    "node_modules/@tsconfig/node24": {
      "version": "24.0.1",
      "resolved": "https://registry.npmjs.org/@tsconfig/node24/-/node24-24.0.1.tgz",
      "integrity": "sha512-3+IXshza3bIrT0tbHBr9CixQDVf4iBf0HTR0hCYowhpLqkzJjswu3UY8aZWjRXZep31kYB+o2SQeD8KwIoUHYw==",
      "dev": true,
      "license": "MIT"
    },
    "node_modules/@types/node": {
      "version": "24.5.2",
      "resolved": "https://registry.npmjs.org/@types/node/-/node-24.5.2.tgz",
      "integrity": "sha512-FYxk1I7wPv3K2XBaoyH2cTnocQEu8AOZ60hPbsyukMPLv5/5qr7V1i8PLHdl6Zf87I+xZXFvPCXYjiTFq+YSDQ==",
      "dev": true,
      "license": "MIT",
      "dependencies": {
        "undici-types": "~7.12.0"
      }
    },
    "node_modules/chalk": {
      "version": "5.6.2",
      "resolved": "https://registry.npmjs.org/chalk/-/chalk-5.6.2.tgz",
      "integrity": "sha512-7NzBL0rN6fMUW+f7A6Io4h40qQlG+xGmtMxfbnH/K7TAtt8JQWVQK+6g0UXKMeVJoyV5EkkNsErQ8pVD3bLHbA==",
      "license": "MIT",
      "engines": {
        "node": "^12.17.0 || ^14.13 || >=16.0.0"
      },
      "funding": {
        "url": "https://github.com/chalk/chalk?sponsor=1"
      }
    },
    "node_modules/commander": {
      "version": "14.0.1",
      "resolved": "https://registry.npmjs.org/commander/-/commander-14.0.1.tgz",
      "integrity": "sha512-2JkV3gUZUVrbNA+1sjBOYLsMZ5cEEl8GTFP2a4AVz5hvasAMCQ1D2l2le/cX+pV4N6ZU17zjUahLpIXRrnWL8A==",
      "license": "MIT",
      "engines": {
        "node": ">=20"
      }
    },
    "node_modules/lowdb": {
      "version": "7.0.1",
      "resolved": "https://registry.npmjs.org/lowdb/-/lowdb-7.0.1.tgz",
      "integrity": "sha512-neJAj8GwF0e8EpycYIDFqEPcx9Qz4GUho20jWFR7YiFeXzF1YMLdxB36PypcTSPMA+4+LvgyMacYhlr18Zlymw==",
      "license": "MIT",
      "dependencies": {
        "steno": "^4.0.2"
      },
      "engines": {
        "node": ">=18"
      },
      "funding": {
        "url": "https://github.com/sponsors/typicode"
      }
    },
    "node_modules/steno": {
      "version": "4.0.2",
      "resolved": "https://registry.npmjs.org/steno/-/steno-4.0.2.tgz",
      "integrity": "sha512-yhPIQXjrlt1xv7dyPQg2P17URmXbuM5pdGkpiMB3RenprfiBlvK415Lctfe0eshk90oA7/tNq7WEiMK8RSP39A==",
      "license": "MIT",
      "engines": {
        "node": ">=18"
      },
      "funding": {
        "url": "https://github.com/sponsors/typicode"
      }
    },
    "node_modules/typescript": {
      "version": "5.9.2",
      "resolved": "https://registry.npmjs.org/typescript/-/typescript-5.9.2.tgz",
      "integrity": "sha512-CWBzXQrc/qOkhidw1OzBTQuYRbfyxDXJMVJ1XNwUHGROVmuaeiEm3OslpZ1RV96d7SKKjZKrSJu3+t/xlw3R9A==",
      "dev": true,
      "license": "Apache-2.0",
      "bin": {
        "tsc": "bin/tsc",
        "tsserver": "bin/tsserver"
      },
      "engines": {
        "node": ">=14.17"
      }
    },
    "node_modules/undici-types": {
      "version": "7.12.0",
      "resolved": "https://registry.npmjs.org/undici-types/-/undici-types-7.12.0.tgz",
      "integrity": "sha512-goOacqME2GYyOZZfb5Lgtu+1IDmAlAEu5xnD3+xTzS10hT0vzpf0SPjkXwAw9Jm+4n/mQGDP3LO8CPbYROeBfQ==",
      "dev": true,
      "license": "MIT"
    }
  }
}
